// !$*UTF8*$!
{
	archiveVersion = 1;
	classes = {
	};
	objectVersion = 50;
	objects = {

/* Begin PBXBuildFile section */
		4A70BE84254907D600DE5703 /* AppDelegate.swift in Sources */ = {isa = PBXBuildFile; fileRef = 4A70BE83254907D600DE5703 /* AppDelegate.swift */; };
		4A70BE86254907D600DE5703 /* SceneDelegate.swift in Sources */ = {isa = PBXBuildFile; fileRef = 4A70BE85254907D600DE5703 /* SceneDelegate.swift */; };
		4A70BE88254907D600DE5703 /* TripTableViewController.swift in Sources */ = {isa = PBXBuildFile; fileRef = 4A70BE87254907D600DE5703 /* TripTableViewController.swift */; };
		4A70BE8B254907D600DE5703 /* Main.storyboard in Resources */ = {isa = PBXBuildFile; fileRef = 4A70BE89254907D600DE5703 /* Main.storyboard */; };
		4A70BE8D254907D800DE5703 /* Assets.xcassets in Resources */ = {isa = PBXBuildFile; fileRef = 4A70BE8C254907D800DE5703 /* Assets.xcassets */; };
		4A70BE90254907D800DE5703 /* LaunchScreen.storyboard in Resources */ = {isa = PBXBuildFile; fileRef = 4A70BE8E254907D800DE5703 /* LaunchScreen.storyboard */; };
		4A70BE9A2549088900DE5703 /* Trip.swift in Sources */ = {isa = PBXBuildFile; fileRef = 4A70BE992549088900DE5703 /* Trip.swift */; };
		4AB7EC9B254B6C40005C751B /* TripTableViewCell.swift in Sources */ = {isa = PBXBuildFile; fileRef = 4AB7EC9A254B6C40005C751B /* TripTableViewCell.swift */; };
		4AB7EC9E254B7497005C751B /* TripDetailViewController.swift in Sources */ = {isa = PBXBuildFile; fileRef = 4AB7EC9D254B7497005C751B /* TripDetailViewController.swift */; };
		4AE48148254C8B5C0017BF2D /* AddTripViewController.swift in Sources */ = {isa = PBXBuildFile; fileRef = 4AE48147254C8B5C0017BF2D /* AddTripViewController.swift */; };
/* End PBXBuildFile section */

/* Begin PBXFileReference section */
		4A70BE80254907D600DE5703 /* PA6.app */ = {isa = PBXFileReference; explicitFileType = wrapper.application; includeInIndex = 0; path = PA6.app; sourceTree = BUILT_PRODUCTS_DIR; };
		4A70BE83254907D600DE5703 /* AppDelegate.swift */ = {isa = PBXFileReference; lastKnownFileType = sourcecode.swift; path = AppDelegate.swift; sourceTree = "<group>"; };
		4A70BE85254907D600DE5703 /* SceneDelegate.swift */ = {isa = PBXFileReference; lastKnownFileType = sourcecode.swift; path = SceneDelegate.swift; sourceTree = "<group>"; };
		4A70BE87254907D600DE5703 /* TripTableViewController.swift */ = {isa = PBXFileReference; lastKnownFileType = sourcecode.swift; path = TripTableViewController.swift; sourceTree = "<group>"; };
		4A70BE8A254907D600DE5703 /* Base */ = {isa = PBXFileReference; lastKnownFileType = file.storyboard; name = Base; path = Base.lproj/Main.storyboard; sourceTree = "<group>"; };
		4A70BE8C254907D800DE5703 /* Assets.xcassets */ = {isa = PBXFileReference; lastKnownFileType = folder.assetcatalog; path = Assets.xcassets; sourceTree = "<group>"; };
		4A70BE8F254907D800DE5703 /* Base */ = {isa = PBXFileReference; lastKnownFileType = file.storyboard; name = Base; path = Base.lproj/LaunchScreen.storyboard; sourceTree = "<group>"; };
		4A70BE91254907D800DE5703 /* Info.plist */ = {isa = PBXFileReference; lastKnownFileType = text.plist.xml; path = Info.plist; sourceTree = "<group>"; };
		4A70BE992549088900DE5703 /* Trip.swift */ = {isa = PBXFileReference; lastKnownFileType = sourcecode.swift; path = Trip.swift; sourceTree = "<group>"; };
		4AB7EC9A254B6C40005C751B /* TripTableViewCell.swift */ = {isa = PBXFileReference; lastKnownFileType = sourcecode.swift; path = TripTableViewCell.swift; sourceTree = "<group>"; };
		4AB7EC9D254B7497005C751B /* TripDetailViewController.swift */ = {isa = PBXFileReference; lastKnownFileType = sourcecode.swift; path = TripDetailViewController.swift; sourceTree = "<group>"; };
		4AE48147254C8B5C0017BF2D /* AddTripViewController.swift */ = {isa = PBXFileReference; lastKnownFileType = sourcecode.swift; path = AddTripViewController.swift; sourceTree = "<group>"; };
/* End PBXFileReference section */

/* Begin PBXFrameworksBuildPhase section */
		4A70BE7D254907D600DE5703 /* Frameworks */ = {
			isa = PBXFrameworksBuildPhase;
			buildActionMask = 2147483647;
			files = (
			);
			runOnlyForDeploymentPostprocessing = 0;
		};
/* End PBXFrameworksBuildPhase section */

/* Begin PBXGroup section */
		4A70BE77254907D600DE5703 = {
			isa = PBXGroup;
			children = (
				4A70BE82254907D600DE5703 /* PA6 */,
				4A70BE81254907D600DE5703 /* Products */,
			);
			sourceTree = "<group>";
		};
		4A70BE81254907D600DE5703 /* Products */ = {
			isa = PBXGroup;
			children = (
				4A70BE80254907D600DE5703 /* PA6.app */,
			);
			name = Products;
			sourceTree = "<group>";
		};
		4A70BE82254907D600DE5703 /* PA6 */ = {
			isa = PBXGroup;
			children = (
				4A70BE83254907D600DE5703 /* AppDelegate.swift */,
				4A70BE85254907D600DE5703 /* SceneDelegate.swift */,
				4A70BE87254907D600DE5703 /* TripTableViewController.swift */,
				4AB7EC9D254B7497005C751B /* TripDetailViewController.swift */,
				4AE48147254C8B5C0017BF2D /* AddTripViewController.swift */,
				4A70BE89254907D600DE5703 /* Main.storyboard */,
				4A70BE8C254907D800DE5703 /* Assets.xcassets */,
				4A70BE8E254907D800DE5703 /* LaunchScreen.storyboard */,
				4A70BE91254907D800DE5703 /* Info.plist */,
				4A70BE992549088900DE5703 /* Trip.swift */,
				4AB7EC9A254B6C40005C751B /* TripTableViewCell.swift */,
			);
			path = PA6;
			sourceTree = "<group>";
		};
/* End PBXGroup section */

/* Begin PBXNativeTarget section */
		4A70BE7F254907D600DE5703 /* PA6 */ = {
			isa = PBXNativeTarget;
			buildConfigurationList = 4A70BE94254907D800DE5703 /* Build configuration list for PBXNativeTarget "PA6" */;
			buildPhases = (
				4A70BE7C254907D600DE5703 /* Sources */,
				4A70BE7D254907D600DE5703 /* Frameworks */,
				4A70BE7E254907D600DE5703 /* Resources */,
			);
			buildRules = (
			);
			dependencies = (
			);
			name = PA6;
			productName = PA6;
			productReference = 4A70BE80254907D600DE5703 /* PA6.app */;
			productType = "com.apple.product-type.application";
		};
/* End PBXNativeTarget section */

/* Begin PBXProject section */
		4A70BE78254907D600DE5703 /* Project object */ = {
			isa = PBXProject;
			attributes = {
				LastSwiftUpdateCheck = 1130;
				LastUpgradeCheck = 1130;
				ORGANIZATIONNAME = "Kevin Lunden";
				TargetAttributes = {
					4A70BE7F254907D600DE5703 = {
						CreatedOnToolsVersion = 11.3.1;
					};
				};
			};
			buildConfigurationList = 4A70BE7B254907D600DE5703 /* Build configuration list for PBXProject "PA6" */;
			compatibilityVersion = "Xcode 9.3";
			developmentRegion = en;
			hasScannedForEncodings = 0;
			knownRegions = (
				en,
				Base,
			);
			mainGroup = 4A70BE77254907D600DE5703;
			productRefGroup = 4A70BE81254907D600DE5703 /* Products */;
			projectDirPath = "";
			projectRoot = "";
			targets = (
				4A70BE7F254907D600DE5703 /* PA6 */,
			);
		};
/* End PBXProject section */

/* Begin PBXResourcesBuildPhase section */
		4A70BE7E254907D600DE5703 /* Resources */ = {
			isa = PBXResourcesBuildPhase;
			buildActionMask = 2147483647;
			files = (
				4A70BE90254907D800DE5703 /* LaunchScreen.storyboard in Resources */,
				4A70BE8D254907D800DE5703 /* Assets.xcassets in Resources */,
				4A70BE8B254907D600DE5703 /* Main.storyboard in Resources */,
			);
			runOnlyForDeploymentPostprocessing = 0;
		};
/* End PBXResourcesBuildPhase section */

/* Begin PBXSourcesBuildPhase section */
		4A70BE7C254907D600DE5703 /* Sources */ = {
			isa = PBXSourcesBuildPhase;
			buildActionMask = 2147483647;
			files = (
				4AE48148254C8B5C0017BF2D /* AddTripViewController.swift in Sources */,
				4AB7EC9E254B7497005C751B /* TripDetailViewController.swift in Sources */,
				4A70BE9A2549088900DE5703 /* Trip.swift in Sources */,
				4A70BE88254907D600DE5703 /* TripTableViewController.swift in Sources */,
				4A70BE84254907D600DE5703 /* AppDelegate.swift in Sources */,
				4A70BE86254907D600DE5703 /* SceneDelegate.swift in Sources */,
				4AB7EC9B254B6C40005C751B /* TripTableViewCell.swift in Sources */,
			);
			runOnlyForDeploymentPostprocessing = 0;
		};
/* End PBXSourcesBuildPhase section */

/* Begin PBXVariantGroup section */
		4A70BE89254907D600DE5703 /* Main.storyboard */ = {
			isa = PBXVariantGroup;
			children = (
				4A70BE8A254907D600DE5703 /* Base */,
			);
			name = Main.storyboard;
			sourceTree = "<group>";
		};
		4A70BE8E254907D800DE5703 /* LaunchScreen.storyboard */ = {
			isa = PBXVariantGroup;
			children = (
				4A70BE8F254907D800DE5703 /* Base */,
			);
			name = LaunchScreen.storyboard;
			sourceTree = "<group>";
		};
/* End PBXVariantGroup section */

/* Begin XCBuildConfiguration section */
		4A70BE92254907D800DE5703 /* Debug */ = {
			isa = XCBuildConfiguration;
			buildSettings = {
				ALWAYS_SEARCH_USER_PATHS = NO;
				CLANG_ANALYZER_NONNULL = YES;
				CLANG_ANALYZER_NUMBER_OBJECT_CONVERSION = YES_AGGRESSIVE;
				CLANG_CXX_LANGUAGE_STANDARD = "gnu++14";
				CLANG_CXX_LIBRARY = "libc++";
				CLANG_ENABLE_MODULES = YES;
				CLANG_ENABLE_OBJC_ARC = YES;
				CLANG_ENABLE_OBJC_WEAK = YES;
				CLANG_WARN_BLOCK_CAPTURE_AUTORELEASING = YES;
				CLANG_WARN_BOOL_CONVERSION = YES;
				CLANG_WARN_COMMA = YES;
				CLANG_WARN_CONSTANT_CONVERSION = YES;
				CLANG_WARN_DEPRECATED_OBJC_IMPLEMENTATIONS = YES;
				CLANG_WARN_DIRECT_OBJC_ISA_USAGE = YES_ERROR;
				CLANG_WARN_DOCUMENTATION_COMMENTS = YES;
				CLANG_WARN_EMPTY_BODY = YES;
				CLANG_WARN_ENUM_CONVERSION = YES;
				CLANG_WARN_INFINITE_RECURSION = YES;
				CLANG_WARN_INT_CONVERSION = YES;
				CLANG_WARN_NON_LITERAL_NULL_CONVERSION = YES;
				CLANG_WARN_OBJC_IMPLICIT_RETAIN_SELF = YES;
				CLANG_WARN_OBJC_LITERAL_CONVERSION = YES;
				CLANG_WARN_OBJC_ROOT_CLASS = YES_ERROR;
				CLANG_WARN_RANGE_LOOP_ANALYSIS = YES;
				CLANG_WARN_STRICT_PROTOTYPES = YES;
				CLANG_WARN_SUSPICIOUS_MOVE = YES;
				CLANG_WARN_UNGUARDED_AVAILABILITY = YES_AGGRESSIVE;
				CLANG_WARN_UNREACHABLE_CODE = YES;
				CLANG_WARN__DUPLICATE_METHOD_MATCH = YES;
				COPY_PHASE_STRIP = NO;
				DEBUG_INFORMATION_FORMAT = dwarf;
				ENABLE_STRICT_OBJC_MSGSEND = YES;
				ENABLE_TESTABILITY = YES;
				GCC_C_LANGUAGE_STANDARD = gnu11;
				GCC_DYNAMIC_NO_PIC = NO;
				GCC_NO_COMMON_BLOCKS = YES;
				GCC_OPTIMIZATION_LEVEL = 0;
				GCC_PREPROCESSOR_DEFINITIONS = (
					"DEBUG=1",
					"$(inherited)",
				);
				GCC_WARN_64_TO_32_BIT_CONVERSION = YES;
				GCC_WARN_ABOUT_RETURN_TYPE = YES_ERROR;
				GCC_WARN_UNDECLARED_SELECTOR = YES;
				GCC_WARN_UNINITIALIZED_AUTOS = YES_AGGRESSIVE;
				GCC_WARN_UNUSED_FUNCTION = YES;
				GCC_WARN_UNUSED_VARIABLE = YES;
				IPHONEOS_DEPLOYMENT_TARGET = 13.2;
				MTL_ENABLE_DEBUG_INFO = INCLUDE_SOURCE;
				MTL_FAST_MATH = YES;
				ONLY_ACTIVE_ARCH = YES;
				SDKROOT = iphoneos;
				SWIFT_ACTIVE_COMPILATION_CONDITIONS = DEBUG;
				SWIFT_OPTIMIZATION_LEVEL = "-Onone";
			};
			name = Debug;
		};
		4A70BE93254907D800DE5703 /* Release */ = {
			isa = XCBuildConfiguration;
			buildSettings = {
				ALWAYS_SEARCH_USER_PATHS = NO;
				CLANG_ANALYZER_NONNULL = YES;
				CLANG_ANALYZER_NUMBER_OBJECT_CONVERSION = YES_AGGRESSIVE;
				CLANG_CXX_LANGUAGE_STANDARD = "gnu++14";
				CLANG_CXX_LIBRARY = "libc++";
				CLANG_ENABLE_MODULES = YES;
				CLANG_ENABLE_OBJC_ARC = YES;
				CLANG_ENABLE_OBJC_WEAK = YES;
				CLANG_WARN_BLOCK_CAPTURE_AUTORELEASING = YES;
				CLANG_WARN_BOOL_CONVERSION = YES;
				CLANG_WARN_COMMA = YES;
				CLANG_WARN_CONSTANT_CONVERSION = YES;
				CLANG_WARN_DEPRECATED_OBJC_IMPLEMENTATIONS = YES;
				CLANG_WARN_DIRECT_OBJC_ISA_USAGE = YES_ERROR;
				CLANG_WARN_DOCUMENTATION_COMMENTS = YES;
				CLANG_WARN_EMPTY_BODY = YES;
				CLANG_WARN_ENUM_CONVERSION = YES;
				CLANG_WARN_INFINITE_RECURSION = YES;
				CLANG_WARN_INT_CONVERSION = YES;
				CLANG_WARN_NON_LITERAL_NULL_CONVERSION = YES;
				CLANG_WARN_OBJC_IMPLICIT_RETAIN_SELF = YES;
				CLANG_WARN_OBJC_LITERAL_CONVERSION = YES;
				CLANG_WARN_OBJC_ROOT_CLASS = YES_ERROR;
				CLANG_WARN_RANGE_LOOP_ANALYSIS = YES;
				CLANG_WARN_STRICT_PROTOTYPES = YES;
				CLANG_WARN_SUSPICIOUS_MOVE = YES;
				CLANG_WARN_UNGUARDED_AVAILABILITY = YES_AGGRESSIVE;
				CLANG_WARN_UNREACHABLE_CODE = YES;
				CLANG_WARN__DUPLICATE_METHOD_MATCH = YES;
				COPY_PHASE_STRIP = NO;
				DEBUG_INFORMATION_FORMAT = "dwarf-with-dsym";
				ENABLE_NS_ASSERTIONS = NO;
				ENABLE_STRICT_OBJC_MSGSEND = YES;
				GCC_C_LANGUAGE_STANDARD = gnu11;
				GCC_NO_COMMON_BLOCKS = YES;
				GCC_WARN_64_TO_32_BIT_CONVERSION = YES;
				GCC_WARN_ABOUT_RETURN_TYPE = YES_ERROR;
				GCC_WARN_UNDECLARED_SELECTOR = YES;
				GCC_WARN_UNINITIALIZED_AUTOS = YES_AGGRESSIVE;
				GCC_WARN_UNUSED_FUNCTION = YES;
				GCC_WARN_UNUSED_VARIABLE = YES;
				IPHONEOS_DEPLOYMENT_TARGET = 13.2;
				MTL_ENABLE_DEBUG_INFO = NO;
				MTL_FAST_MATH = YES;
				SDKROOT = iphoneos;
				SWIFT_COMPILATION_MODE = wholemodule;
				SWIFT_OPTIMIZATION_LEVEL = "-O";
				VALIDATE_PRODUCT = YES;
			};
			name = Release;
		};
		4A70BE95254907D800DE5703 /* Debug */ = {
			isa = XCBuildConfiguration;
			buildSettings = {
				ASSETCATALOG_COMPILER_APPICON_NAME = AppIcon;
				CODE_SIGN_STYLE = Automatic;
				DEVELOPMENT_TEAM = GUYPJD4NUE;
				INFOPLIST_FILE = PA6/Info.plist;
				LD_RUNPATH_SEARCH_PATHS = (
					"$(inherited)",
					"@executable_path/Frameworks",
				);
				PRODUCT_BUNDLE_IDENTIFIER = com.lunden.kevin.PA6;
				PRODUCT_NAME = "$(TARGET_NAME)";
				SWIFT_VERSION = 5.0;
				TARGETED_DEVICE_FAMILY = "1,2";
			};
			name = Debug;
		};
		4A70BE96254907D800DE5703 /* Release */ = {
			isa = XCBuildConfiguration;
			buildSettings = {
				ASSETCATALOG_COMPILER_APPICON_NAME = AppIcon;
				CODE_SIGN_STYLE = Automatic;
				DEVELOPMENT_TEAM = GUYPJD4NUE;
				INFOPLIST_FILE = PA6/Info.plist;
				LD_RUNPATH_SEARCH_PATHS = (
					"$(inherited)",
					"@executable_path/Frameworks",
				);
				PRODUCT_BUNDLE_IDENTIFIER = com.lunden.kevin.PA6;
				PRODUCT_NAME = "$(TARGET_NAME)";
				SWIFT_VERSION = 5.0;
				TARGETED_DEVICE_FAMILY = "1,2";
			};
			name = Release;
		};
/* End XCBuildConfiguration section */

/* Begin XCConfigurationList section */
		4A70BE7B254907D600DE5703 /* Build configuration list for PBXProject "PA6" */ = {
			isa = XCConfigurationList;
			buildConfigurations = (
				4A70BE92254907D800DE5703 /* Debug */,
				4A70BE93254907D800DE5703 /* Release */,
			);
			defaultConfigurationIsVisible = 0;
			defaultConfigurationName = Release;
		};
		4A70BE94254907D800DE5703 /* Build configuration list for PBXNativeTarget "PA6" */ = {
			isa = XCConfigurationList;
			buildConfigurations = (
				4A70BE95254907D800DE5703 /* Debug */,
				4A70BE96254907D800DE5703 /* Release */,
			);
			defaultConfigurationIsVisible = 0;
			defaultConfigurationName = Release;
		};
/* End XCConfigurationList section */
	};
	rootObject = 4A70BE78254907D600DE5703 /* Project object */;
}
